
Microsoft Visual Studio Solution File, Format Version 12.00
# Visual Studio Version 17
VisualStudioVersion = 17.3.32922.545
MinimumVisualStudioVersion = 10.0.40219.1
Project("{FAE04EC0-301F-11D3-BF4B-00C04F79EFBC}") = "UnityGames", "UnityGames.csproj", "{FF522EE1-3D15-4595-9F0E-98906E62A507}"
EndProject
Global
	GlobalSection(SolutionConfigurationPlatforms) = preSolution
		Debug|Any CPU = Debug|Any CPU
		Release|Any CPU = Release|Any CPU
	EndGlobalSection
	GlobalSection(ProjectConfigurationPlatforms) = postSolution
		{FF522EE1-3D15-4595-9F0E-98906E62A507}.Debug|Any CPU.ActiveCfg = Debug|Any CPU
		{FF522EE1-3D15-4595-9F0E-98906E62A507}.Debug|Any CPU.Build.0 = Debug|Any CPU
		{FF522EE1-3D15-4595-9F0E-98906E62A507}.Release|Any CPU.ActiveCfg = Release|Any CPU
		{FF522EE1-3D15-4595-9F0E-98906E62A507}.Release|Any CPU.Build.0 = Release|Any CPU
	EndGlobalSection
	GlobalSection(SolutionProperties) = preSolution
		HideSolutionNode = FALSE
	EndGlobalSection
	GlobalSection(ExtensibilityGlobals) = postSolution
		SolutionGuid = {5CA96C7F-DCC3-4D8E-853C-E7001B3C307C}
	EndGlobalSection
EndGlobal
